
Microsoft Visual Studio Solution File, Format Version 12.00
# Visual Studio Version 16
VisualStudioVersion = 16.0.37027.11
MinimumVisualStudioVersion = 10.0.40219.1
Project("{8BC9CEB8-8B4A-11D0-8D11-00A0C91BC942}") = "Dummy", "Dummy\Dummy.vcxproj", "{DA7D449C-6132-4C13-A84F-6644018E472B}"
EndProject
Global
	GlobalSection(SolutionConfigurationPlatforms) = preSolution
		Debug|x64 = Debug|x64
		Debug|x86 = Debug|x86
		Release|x64 = Release|x64
		Release|x86 = Release|x86
	EndGlobalSection
	GlobalSection(ProjectConfigurationPlatforms) = postSolution
		{DA7D449C-6132-4C13-A84F-6644018E472B}.Debug|x64.ActiveCfg = Debug|x64
		{DA7D449C-6132-4C13-A84F-6644018E472B}.Debug|x64.Build.0 = Debug|x64
		{DA7D449C-6132-4C13-A84F-6644018E472B}.Debug|x86.ActiveCfg = Debug|Win32
		{DA7D449C-6132-4C13-A84F-6644018E472B}.Debug|x86.Build.0 = Debug|Win32
		{DA7D449C-6132-4C13-A84F-6644018E472B}.Release|x64.ActiveCfg = Release|x64
		{DA7D449C-6132-4C13-A84F-6644018E472B}.Release|x64.Build.0 = Release|x64
		{DA7D449C-6132-4C13-A84F-6644018E472B}.Release|x86.ActiveCfg = Release|Win32
		{DA7D449C-6132-4C13-A84F-6644018E472B}.Release|x86.Build.0 = Release|Win32
	EndGlobalSection
	GlobalSection(SolutionProperties) = preSolution
		HideSolutionNode = FALSE
	EndGlobalSection
	GlobalSection(ExtensibilityGlobals) = postSolution
		SolutionGuid = {5490DB88-CB71-43ED-A94D-9414079D3016}
	EndGlobalSection
EndGlobal
